
Microsoft Visual Studio Solution File, Format Version 12.00
# Visual Studio 2015
Project("{FAE04EC0-301F-11D3-BF4B-00C04F79EFBC}") = "Save the Earth Beta", "Save the Earth Beta.csproj", "{38C34D8A-125D-A12F-3141-279575661103}"
EndProject
Global
	GlobalSection(SolutionConfigurationPlatforms) = preSolution
		Debug|Any CPU = Debug|Any CPU
		Release|Any CPU = Release|Any CPU
	EndGlobalSection
	GlobalSection(ProjectConfigurationPlatforms) = postSolution
		{38C34D8A-125D-A12F-3141-279575661103}.Debug|Any CPU.ActiveCfg = Debug|Any CPU
		{38C34D8A-125D-A12F-3141-279575661103}.Debug|Any CPU.Build.0 = Debug|Any CPU
		{38C34D8A-125D-A12F-3141-279575661103}.Release|Any CPU.ActiveCfg = Release|Any CPU
		{38C34D8A-125D-A12F-3141-279575661103}.Release|Any CPU.Build.0 = Release|Any CPU
	EndGlobalSection
	GlobalSection(SolutionProperties) = preSolution
		HideSolutionNode = FALSE
	EndGlobalSection
EndGlobal
